# THIS IS AN AUTOGENERATED FILE. DO NOT EDIT THIS FILE DIRECTLY.
# yarn lockfile v1


"@babel/runtime@^7.1.2", "@babel/runtime@^7.3.1", "@babel/runtime@^7.4.4", "@babel/runtime@^7.5.5", "@babel/runtime@^7.8.3", "@babel/runtime@^7.8.7":
  version "7.16.3"
  resolved "https://artifact.stage.shutterfly.com:443/artifactory/api/npm/npm-repo/@babel/runtime/-/runtime-7.16.3.tgz#b86f0db02a04187a3c17caa77de69840165d42d5"
  integrity sha1-uG8NsCoEGHo8F8qnfeaYQBZdQtU=
  dependencies:
    regenerator-runtime "^0.13.4"

"@emotion/hash@^0.8.0":
  version "0.8.0"
  resolved "https://artifact.stage.shutterfly.com:443/artifactory/api/npm/npm-repo/@emotion/hash/-/hash-0.8.0.tgz#bbbff68978fefdbe68ccb533bc8cbe1d1afb5413"
  integrity sha1-u7/2iXj+/b5ozLUzvIy+HRr7VBM=

"@enact/core@^3.2.0", "@enact/core@^3.4.9", "@enact/core@^3.5.0":
  version "3.5.0"
  resolved "https://artifact.stage.shutterfly.com:443/artifactory/api/npm/npm-repo/@enact/core/-/core-3.5.0.tgz#db516bc34f82a231030f4f12ea07c4ad334e7547"
  integrity sha1-21Frw0+CojEDD08S6gfErTNOdUc=
  dependencies:
    classnames "^2.2.5"
    invariant "^2.2.2"
    prop-types "^15.7.2"
    ramda "^0.24.1"
    react "^16.8.0"
    react-dom "^16.8.0"
    react-is "^16.8.3"
    warning "^4.0.3"

"@enact/i18n@^3.2.0", "@enact/i18n@^3.4.9":
  version "3.5.0"
  resolved "https://artifact.stage.shutterfly.com:443/artifactory/api/npm/npm-repo/@enact/i18n/-/i18n-3.5.0.tgz#ec3ddf04f38afca64fb7858af65188e144011fbd"
  integrity sha1-7D3fBPOK/KZPt4WK9lGI4UQBH70=
  dependencies:
    "@enact/core" "^3.5.0"
    prop-types "^15.7.2"
    ramda "^0.24.1"
    react "^16.8.0"
    react-dom "^16.8.0"
    xhr "^2.4.1"

"@enact/moonstone@^3.2.0":
  version "3.3.1"
  resolved "https://artifact.stage.shutterfly.com:443/artifactory/api/npm/npm-repo/@enact/moonstone/-/moonstone-3.3.1.tgz#3402207fac6a34c5b5a17b4f663b42197e7debf4"
  integrity sha1-NAIgf6xqNMW1oXtPZjtCGX596/Q=
  dependencies:
    "@enact/core" "^3.4.9"
    "@enact/i18n" "^3.4.9"
    "@enact/spotlight" "^3.4.9"
    "@enact/ui" "^3.4.9"
    classnames "^2.2.5"
    invariant "^2.2.2"
    prop-types "^15.7.2"
    ramda "^0.24.1"
    react "^16.8.0"
    react-dom "^16.8.0"
    recompose "^0.26.0"
    warning "^3.0.0"

"@enact/spotlight@^3.2.0", "@enact/spotlight@^3.4.9":
  version "3.5.0"
  resolved "https://artifact.stage.shutterfly.com:443/artifactory/api/npm/npm-repo/@enact/spotlight/-/spotlight-3.5.0.tgz#6bf5e08a61826d0d91e0bfb2dd55bf790258e5c8"
  integrity sha1-a/XgimGCbQ2R4L+y3VW/eQJY5cg=
  dependencies:
    "@enact/core" "^3.5.0"
    prop-types "^15.7.2"
    ramda "^0.24.1"
    react "^16.7.0"
    react-dom "^16.7.0"
    warning "^3.0.0"

"@enact/ui@^3.2.0", "@enact/ui@^3.4.9":
  version "3.5.0"
  resolved "https://artifact.stage.shutterfly.com:443/artifactory/api/npm/npm-repo/@enact/ui/-/ui-3.5.0.tgz#575ac58d8daa113d7e6fbaecc65411684f6a2fee"
  integrity sha1-V1rFjY2qET1+b7rsxlQRaE9qL+4=
  dependencies:
    "@enact/core" "^3.5.0"
    classnames "^2.2.5"
    direction "^1.0.1"
    invariant "^2.2.2"
    prop-types "^15.7.2"
    ramda "^0.24.1"
    react "^16.8.0"
    react-dom "^16.8.0"
    recompose "^0.26.0"
    warning "^3.0.0"

"@enact/webos@^3.2.0":
  version "3.5.0"
  resolved "https://artifact.stage.shutterfly.com:443/artifactory/api/npm/npm-repo/@enact/webos/-/webos-3.5.0.tgz#c9609c61a33c394e414bc452fcbb7e60a8d909c0"
  integrity sha1-yWCcYaM8OU5BS8RS/Lt+YKjZCcA=
  dependencies:
    "@enact/core" "^3.5.0"
    prop-types "^15.7.2"
    react "^16.8.0"
    react-dom "^16.8.0"

"@material-ui/core@^4.10.0":
  version "4.12.3"
  resolved "https://artifact.stage.shutterfly.com:443/artifactory/api/npm/npm-repo/@material-ui/core/-/core-4.12.3.tgz#80d665caf0f1f034e52355c5450c0e38b099d3ca"
  integrity sha1-gNZlyvDx8DTlI1XFRQwOOLCZ08o=
  dependencies:
    "@babel/runtime" "^7.4.4"
    "@material-ui/styles" "^4.11.4"
    "@material-ui/system" "^4.12.1"
    "@material-ui/types" "5.1.0"
    "@material-ui/utils" "^4.11.2"
    "@types/react-transition-group" "^4.2.0"
    clsx "^1.0.4"
    hoist-non-react-statics "^3.3.2"
    popper.js "1.16.1-lts"
    prop-types "^15.7.2"
    react-is "^16.8.0 || ^17.0.0"
    react-transition-group "^4.4.0"

"@material-ui/icons@^4.9.1":
  version "4.11.2"
  resolved "https://artifact.stage.shutterfly.com:443/artifactory/api/npm/npm-repo/@material-ui/icons/-/icons-4.11.2.tgz#b3a7353266519cd743b6461ae9fdfcb1b25eb4c5"
  integrity sha1-s6c1MmZRnNdDtkYa6f38sbJetMU=
  dependencies:
    "@babel/runtime" "^7.4.4"

"@material-ui/styles@^4.11.4":
  version "4.11.4"
  resolved "https://artifact.stage.shutterfly.com:443/artifactory/api/npm/npm-repo/@material-ui/styles/-/styles-4.11.4.tgz#eb9dfccfcc2d208243d986457dff025497afa00d"
  integrity sha1-6538z8wtIIJD2YZFff8CVJevoA0=
  dependencies:
    "@babel/runtime" "^7.4.4"
    "@emotion/hash" "^0.8.0"
    "@material-ui/types" "5.1.0"
    "@material-ui/utils" "^4.11.2"
    clsx "^1.0.4"
    csstype "^2.5.2"
    hoist-non-react-statics "^3.3.2"
    jss "^10.5.1"
    jss-plugin-camel-case "^10.5.1"
    jss-plugin-default-unit "^10.5.1"
    jss-plugin-global "^10.5.1"
    jss-plugin-nested "^10.5.1"
    jss-plugin-props-sort "^10.5.1"
    jss-plugin-rule-value-function "^10.5.1"
    jss-plugin-vendor-prefixer "^10.5.1"
    prop-types "^15.7.2"

"@material-ui/system@^4.12.1":
  version "4.12.1"
  resolved "https://artifact.stage.shutterfly.com:443/artifactory/api/npm/npm-repo/@material-ui/system/-/system-4.12.1.tgz#2dd96c243f8c0a331b2bb6d46efd7771a399707c"
  integrity sha1-LdlsJD+MCjMbK7bUbv13caOZcHw=
  dependencies:
    "@babel/runtime" "^7.4.4"
    "@material-ui/utils" "^4.11.2"
    csstype "^2.5.2"
    prop-types "^15.7.2"

"@material-ui/types@5.1.0":
  version "5.1.0"
  resolved "https://artifact.stage.shutterfly.com:443/artifactory/api/npm/npm-repo/@material-ui/types/-/types-5.1.0.tgz#efa1c7a0b0eaa4c7c87ac0390445f0f88b0d88f2"
  integrity sha1-76HHoLDqpMfIesA5BEXw+IsNiPI=

"@material-ui/utils@^4.11.2":
  version "4.11.2"
  resolved "https://artifact.stage.shutterfly.com:443/artifactory/api/npm/npm-repo/@material-ui/utils/-/utils-4.11.2.tgz#f1aefa7e7dff2ebcb97d31de51aecab1bb57540a"
  integrity sha1-8a76fn3/Lry5fTHeUa7KsbtXVAo=
  dependencies:
    "@babel/runtime" "^7.4.4"
    prop-types "^15.7.2"
    react-is "^16.8.0 || ^17.0.0"

"@types/prop-types@*":
  version "15.7.4"
  resolved "https://artifact.stage.shutterfly.com:443/artifactory/api/npm/npm-repo/@types/prop-types/-/prop-types-15.7.4.tgz#fcf7205c25dff795ee79af1e30da2c9790808f11"
  integrity sha1-/PcgXCXf95Xuea8eMNosl5CAjxE=

"@types/react-transition-group@^4.2.0":
  version "4.4.4"
  resolved "https://artifact.stage.shutterfly.com:443/artifactory/api/npm/npm-repo/@types/react-transition-group/-/react-transition-group-4.4.4.tgz#acd4cceaa2be6b757db61ed7b432e103242d163e"
  integrity sha1-rNTM6qK+a3V9th7XtDLhAyQtFj4=
  dependencies:
    "@types/react" "*"

"@types/react@*":
  version "17.0.36"
  resolved "https://artifact.stage.shutterfly.com:443/artifactory/api/npm/npm-repo/@types/react/-/react-17.0.36.tgz#0d81e0e2419e6a8e9ba6af5e3a0608e70835d7d1"
  integrity sha1-DYHg4kGeao6bpq9eOgYI5wg119E=
  dependencies:
    "@types/prop-types" "*"
    "@types/scheduler" "*"
    csstype "^3.0.2"

"@types/scheduler@*":
  version "0.16.2"
  resolved "https://artifact.stage.shutterfly.com:443/artifactory/api/npm/npm-repo/@types/scheduler/-/scheduler-0.16.2.tgz#1a62f89525723dde24ba1b01b092bf5df8ad4d39"
  integrity sha1-GmL4lSVyPd4kuhsBsJK/XfitTTk=

asap@~2.0.3:
  version "2.0.6"
  resolved "https://artifact.stage.shutterfly.com:443/artifactory/api/npm/npm-repo/asap/-/asap-2.0.6.tgz#e50347611d7e690943208bbdafebcbc2fb866d46"
  integrity sha1-5QNHYR1+aQlDIIu9r+vLwvuGbUY=

axios@^0.19.2:
  version "0.19.2"
  resolved "https://artifact.stage.shutterfly.com:443/artifactory/api/npm/npm-repo/axios/-/axios-0.19.2.tgz#3ea36c5d8818d0d5f8a8a97a6d36b86cdc00cb27"
  integrity sha1-PqNsXYgY0NX4qKl6bTa4bNwAyyc=
  dependencies:
    follow-redirects "1.5.10"

change-emitter@^0.1.2:
  version "0.1.6"
  resolved "https://artifact.stage.shutterfly.com:443/artifactory/api/npm/npm-repo/change-emitter/-/change-emitter-0.1.6.tgz#e8b2fe3d7f1ab7d69a32199aff91ea6931409515"
  integrity sha1-6LL+PX8at9aaMhma/5HqaTFAlRU=

classnames@^2.2.5:
  version "2.3.1"
  resolved "https://artifact.stage.shutterfly.com:443/artifactory/api/npm/npm-repo/classnames/-/classnames-2.3.1.tgz#dfcfa3891e306ec1dad105d0e88f4417b8535e8e"
  integrity sha1-38+jiR4wbsHa0QXQ6I9EF7hTXo4=

clsx@^1.0.4:
  version "1.1.1"
  resolved "https://artifact.stage.shutterfly.com:443/artifactory/api/npm/npm-repo/clsx/-/clsx-1.1.1.tgz#98b3134f9abbdf23b2663491ace13c5c03a73188"
  integrity sha1-mLMTT5q73yOyZjSRrOE8XAOnMYg=

core-js@^1.0.0:
  version "1.2.7"
  resolved "https://artifact.stage.shutterfly.com:443/artifactory/api/npm/npm-repo/core-js/-/core-js-1.2.7.tgz#652294c14651db28fa93bd2d5ff2983a4f08c636"
  integrity sha1-ZSKUwUZR2yj6k70tX/KYOk8IxjY=

css-vendor@^2.0.8:
  version "2.0.8"
  resolved "https://artifact.stage.shutterfly.com:443/artifactory/api/npm/npm-repo/css-vendor/-/css-vendor-2.0.8.tgz#e47f91d3bd3117d49180a3c935e62e3d9f7f449d"
  integrity sha1-5H+R070xF9SRgKPJNeYuPZ9/RJ0=
  dependencies:
    "@babel/runtime" "^7.8.3"
    is-in-browser "^1.0.2"

csstype@^2.5.2:
  version "2.6.19"
  resolved "https://artifact.stage.shutterfly.com:443/artifactory/api/npm/npm-repo/csstype/-/csstype-2.6.19.tgz#feeb5aae89020bb389e1f63669a5ed490e391caa"
  integrity sha1-/utarokCC7OJ4fY2aaXtSQ45HKo=

csstype@^3.0.2:
  version "3.0.10"
  resolved "https://artifact.stage.shutterfly.com:443/artifactory/api/npm/npm-repo/csstype/-/csstype-3.0.10.tgz#2ad3a7bed70f35b965707c092e5f30b327c290e5"
  integrity sha1-KtOnvtcPNbllcHwJLl8wsyfCkOU=

debug@=3.1.0:
  version "3.1.0"
  resolved "https://artifact.stage.shutterfly.com:443/artifactory/api/npm/npm-repo/debug/-/debug-3.1.0.tgz#5bb5a0672628b64149566ba16819e61518c67261"
  integrity sha1-W7WgZyYotkFJVmuhaBnmFRjGcmE=
  dependencies:
    ms "2.0.0"

debug@^4.1.1:
  version "4.3.2"
  resolved "https://artifact.stage.shutterfly.com:443/artifactory/api/npm/npm-repo/debug/-/debug-4.3.2.tgz#f0a49c18ac8779e31d4a0c6029dfb76873c7428b"
  integrity sha1-8KScGKyHeeMdSgxgKd+3aHPHQos=
  dependencies:
    ms "2.1.2"

direction@^1.0.1:
  version "1.0.4"
  resolved "https://artifact.stage.shutterfly.com:443/artifactory/api/npm/npm-repo/direction/-/direction-1.0.4.tgz#2b86fb686967e987088caf8b89059370d4837442"
  integrity sha1-K4b7aGln6YcIjK+LiQWTcNSDdEI=

dom-helpers@^5.0.1:
  version "5.2.1"
  resolved "https://artifact.stage.shutterfly.com:443/artifactory/api/npm/npm-repo/dom-helpers/-/dom-helpers-5.2.1.tgz#d9400536b2bf8225ad98fe052e029451ac40e902"
  integrity sha1-2UAFNrK/giWtmP4FLgKUUaxA6QI=
  dependencies:
    "@babel/runtime" "^7.8.7"
    csstype "^3.0.2"

dom-walk@^0.1.0:
  version "0.1.2"
  resolved "https://artifact.stage.shutterfly.com:443/artifactory/api/npm/npm-repo/dom-walk/-/dom-walk-0.1.2.tgz#0c548bef048f4d1f2a97249002236060daa3fd84"
  integrity sha1-DFSL7wSPTR8qlySQAiNgYNqj/YQ=

encoding@^0.1.11:
  version "0.1.13"
  resolved "https://artifact.stage.shutterfly.com:443/artifactory/api/npm/npm-repo/encoding/-/encoding-0.1.13.tgz#56574afdd791f54a8e9b2785c0582a2d26210fa9"
  integrity sha1-VldK/deR9UqOmyeFwFgqLSYhD6k=
  dependencies:
    iconv-lite "^0.6.2"

fbjs@^0.8.1:
  version "0.8.18"
  resolved "https://artifact.stage.shutterfly.com:443/artifactory/api/npm/npm-repo/fbjs/-/fbjs-0.8.18.tgz#9835e0addb9aca2eff53295cd79ca1cfc7c9662a"
  integrity sha1-mDXgrduayi7/Uylc15yhz8fJZio=
  dependencies:
    core-js "^1.0.0"
    isomorphic-fetch "^2.1.1"
    loose-envify "^1.0.0"
    object-assign "^4.1.0"
    promise "^7.1.1"
    setimmediate "^1.0.5"
    ua-parser-js "^0.7.30"

follow-redirects@1.5.10:
  version "1.5.10"
  resolved "https://artifact.stage.shutterfly.com:443/artifactory/api/npm/npm-repo/follow-redirects/-/follow-redirects-1.5.10.tgz#7b7a9f9aea2fdff36786a94ff643ed07f4ff5e2a"
  integrity sha1-e3qfmuov3/NnhqlP9kPtB/T/Xio=
  dependencies:
    debug "=3.1.0"

global@~4.4.0:
  version "4.4.0"
  resolved "https://artifact.stage.shutterfly.com:443/artifactory/api/npm/npm-repo/global/-/global-4.4.0.tgz#3e7b105179006a323ed71aafca3e9c57a5cc6406"
  integrity sha1-PnsQUXkAajI+1xqvyj6cV6XMZAY=
  dependencies:
    min-document "^2.19.0"
    process "^0.11.10"

hoist-non-react-statics@^2.3.1:
  version "2.5.5"
  resolved "https://artifact.stage.shutterfly.com:443/artifactory/api/npm/npm-repo/hoist-non-react-statics/-/hoist-non-react-statics-2.5.5.tgz#c5903cf409c0dfd908f388e619d86b9c1174cb47"
  integrity sha1-xZA89AnA39kI84jmGdhrnBF0y0c=

hoist-non-react-statics@^3.3.0, hoist-non-react-statics@^3.3.2:
  version "3.3.2"
  resolved "https://artifact.stage.shutterfly.com:443/artifactory/api/npm/npm-repo/hoist-non-react-statics/-/hoist-non-react-statics-3.3.2.tgz#ece0acaf71d62c2969c2ec59feff42a4b1a85b45"
  integrity sha1-7OCsr3HWLClpwuxZ/v9CpLGoW0U=
  dependencies:
    react-is "^16.7.0"

hyphenate-style-name@^1.0.3:
  version "1.0.4"
  resolved "https://artifact.stage.shutterfly.com:443/artifactory/api/npm/npm-repo/hyphenate-style-name/-/hyphenate-style-name-1.0.4.tgz#691879af8e220aea5750e8827db4ef62a54e361d"
  integrity sha1-aRh5r44iCupXUOiCfbTvYqVONh0=

iconv-lite@^0.6.2:
  version "0.6.3"
  resolved "https://artifact.stage.shutterfly.com:443/artifactory/api/npm/npm-repo/iconv-lite/-/iconv-lite-0.6.3.tgz#a52f80bf38da1952eb5c681790719871a1a72501"
  integrity sha1-pS+AvzjaGVLrXGgXkHGYcaGnJQE=
  dependencies:
    safer-buffer ">= 2.1.2 < 3.0.0"

"ilib@npm:ilib-webos-tv@^14.4.0-webostv1":
  version "14.4.0-webostv2"
  resolved "https://artifact.stage.shutterfly.com:443/artifactory/api/npm/npm-repo/ilib-webos-tv/-/ilib-webos-tv-14.4.0-webostv2.tgz#db2d6aa2fb68a8ee1782178482845298a37dae19"
  integrity sha1-2y1qovtoqO4XgheEgoRSmKN9rhk=

immediate@~3.0.5:
  version "3.0.6"
  resolved "https://artifact.stage.shutterfly.com:443/artifactory/api/npm/npm-repo/immediate/-/immediate-3.0.6.tgz#9db1dbd0faf8de6fbe0f5dd5e56bb606280de69b"
  integrity sha1-nbHb0Pr43m++D13V5Wu2BigN5ps=

invariant@^2.2.2, invariant@^2.2.4:
  version "2.2.4"
  resolved "https://artifact.stage.shutterfly.com:443/artifactory/api/npm/npm-repo/invariant/-/invariant-2.2.4.tgz#610f3c92c9359ce1db616e538008d23ff35158e6"
  integrity sha1-YQ88ksk1nOHbYW5TgAjSP/NRWOY=
  dependencies:
    loose-envify "^1.0.0"

is-function@^1.0.1:
  version "1.0.2"
  resolved "https://artifact.stage.shutterfly.com:443/artifactory/api/npm/npm-repo/is-function/-/is-function-1.0.2.tgz#4f097f30abf6efadac9833b17ca5dc03f8144e08"
  integrity sha1-Twl/MKv2762smDOxfKXcA/gUTgg=

is-in-browser@^1.0.2, is-in-browser@^1.1.3:
  version "1.1.3"
  resolved "https://artifact.stage.shutterfly.com:443/artifactory/api/npm/npm-repo/is-in-browser/-/is-in-browser-1.1.3.tgz#56ff4db683a078c6082eb95dad7dc62e1d04f835"
  integrity sha1-Vv9NtoOgeMYILrldrX3GLh0E+DU=

is-stream@^1.0.1:
  version "1.1.0"
  resolved "https://artifact.stage.shutterfly.com:443/artifactory/api/npm/npm-repo/is-stream/-/is-stream-1.1.0.tgz#12d4a3dd4e68e0b79ceb8dbc84173ae80d91ca44"
  integrity sha1-EtSj3U5o4Lec6428hBc66A2RykQ=

isomorphic-fetch@^2.1.1:
  version "2.2.1"
  resolved "https://artifact.stage.shutterfly.com:443/artifactory/api/npm/npm-repo/isomorphic-fetch/-/isomorphic-fetch-2.2.1.tgz#611ae1acf14f5e81f729507472819fe9733558a9"
  integrity sha1-YRrhrPFPXoH3KVB0coGf6XM1WKk=
  dependencies:
    node-fetch "^1.0.1"
    whatwg-fetch ">=0.10.0"

"js-tokens@^3.0.0 || ^4.0.0":
  version "4.0.0"
  resolved "https://artifact.stage.shutterfly.com:443/artifactory/api/npm/npm-repo/js-tokens/-/js-tokens-4.0.0.tgz#19203fb59991df98e3a287050d4647cdeaf32499"
  integrity sha1-GSA/tZmR35jjoocFDUZHzerzJJk=

jss-plugin-camel-case@^10.5.1:
  version "10.8.2"
  resolved "https://artifact.stage.shutterfly.com:443/artifactory/api/npm/npm-repo/jss-plugin-camel-case/-/jss-plugin-camel-case-10.8.2.tgz#8d7f915c8115afaff8cbde08faf610ec9892fba6"
  integrity sha1-jX+RXIEVr6/4y94I+vYQ7JiS+6Y=
  dependencies:
    "@babel/runtime" "^7.3.1"
    hyphenate-style-name "^1.0.3"
    jss "10.8.2"

jss-plugin-default-unit@^10.5.1:
  version "10.8.2"
  resolved "https://artifact.stage.shutterfly.com:443/artifactory/api/npm/npm-repo/jss-plugin-default-unit/-/jss-plugin-default-unit-10.8.2.tgz#c66f12e02e0815d911b85c02c2a979ee7b4ce69a"
  integrity sha1-xm8S4C4IFdkRuFwCwql57ntM5po=
  dependencies:
    "@babel/runtime" "^7.3.1"
    jss "10.8.2"

jss-plugin-global@^10.5.1:
  version "10.8.2"
  resolved "https://artifact.stage.shutterfly.com:443/artifactory/api/npm/npm-repo/jss-plugin-global/-/jss-plugin-global-10.8.2.tgz#1a35632a693cf50113bcc5ffe6b51969df79c4ec"
  integrity sha1-GjVjKmk89QETvMX/5rUZad95xOw=
  dependencies:
    "@babel/runtime" "^7.3.1"
    jss "10.8.2"

jss-plugin-nested@^10.5.1:
  version "10.8.2"
  resolved "https://artifact.stage.shutterfly.com:443/artifactory/api/npm/npm-repo/jss-plugin-nested/-/jss-plugin-nested-10.8.2.tgz#79f3c7f75ea6a36ae72fe52e777035bb24d230c7"
  integrity sha1-efPH916mo2rnL+Uud3A1uyTSMMc=
  dependencies:
    "@babel/runtime" "^7.3.1"
    jss "10.8.2"
    tiny-warning "^1.0.2"

jss-plugin-props-sort@^10.5.1:
  version "10.8.2"
  resolved "https://artifact.stage.shutterfly.com:443/artifactory/api/npm/npm-repo/jss-plugin-props-sort/-/jss-plugin-props-sort-10.8.2.tgz#e25a7471868652c394562b6dc5433dcaea7dff6f"
  integrity sha1-4lp0cYaGUsOUVittxUM9yup9/28=
  dependencies:
    "@babel/runtime" "^7.3.1"
    jss "10.8.2"

jss-plugin-rule-value-function@^10.5.1:
  version "10.8.2"
  resolved "https://artifact.stage.shutterfly.com:443/artifactory/api/npm/npm-repo/jss-plugin-rule-value-function/-/jss-plugin-rule-value-function-10.8.2.tgz#55354b55f1b2968a15976729968f767f02d64049"
  integrity sha1-VTVLVfGylooVl2cplo92fwLWQEk=
  dependencies:
    "@babel/runtime" "^7.3.1"
    jss "10.8.2"
    tiny-warning "^1.0.2"

jss-plugin-vendor-prefixer@^10.5.1:
  version "10.8.2"
  resolved "https://artifact.stage.shutterfly.com:443/artifactory/api/npm/npm-repo/jss-plugin-vendor-prefixer/-/jss-plugin-vendor-prefixer-10.8.2.tgz#ebb4a482642f34091e454901e21176441dd5f475"
  integrity sha1-67SkgmQvNAkeRUkB4hF2RB3V9HU=
  dependencies:
    "@babel/runtime" "^7.3.1"
    css-vendor "^2.0.8"
    jss "10.8.2"

jss@10.8.2, jss@^10.5.1:
  version "10.8.2"
  resolved "https://artifact.stage.shutterfly.com:443/artifactory/api/npm/npm-repo/jss/-/jss-10.8.2.tgz#4b2a30b094b924629a64928236017a52c7c97505"
  integrity sha1-SyowsJS5JGKaZJKCNgF6UsfJdQU=
  dependencies:
    "@babel/runtime" "^7.3.1"
    csstype "^3.0.2"
    is-in-browser "^1.1.3"
    tiny-warning "^1.0.2"

lie@3.1.1:
  version "3.1.1"
  resolved "https://artifact.stage.shutterfly.com:443/artifactory/api/npm/npm-repo/lie/-/lie-3.1.1.tgz#9a436b2cc7746ca59de7a41fa469b3efb76bd87e"
  integrity sha1-mkNrLMd0bKWd56QfpGmz77dr2H4=
  dependencies:
    immediate "~3.0.5"

localforage@^1.7.4:
  version "1.10.0"
  resolved "https://artifact.stage.shutterfly.com:443/artifactory/api/npm/npm-repo/localforage/-/localforage-1.10.0.tgz#5c465dc5f62b2807c3a84c0c6a1b1b3212781dd4"
  integrity sha1-XEZdxfYrKAfDqEwMahsbMhJ4HdQ=
  dependencies:
    lie "3.1.1"

lodash-es@^4.2.1:
  version "4.17.21"
  resolved "https://artifact.stage.shutterfly.com:443/artifactory/api/npm/npm-repo/lodash-es/-/lodash-es-4.17.21.tgz#43e626c46e6591b7750beb2b50117390c609e3ee"
  integrity sha1-Q+YmxG5lkbd1C+srUBFzkMYJ4+4=

lodash@^4.2.1:
  version "4.17.21"
  resolved "https://artifact.stage.shutterfly.com:443/artifactory/api/npm/npm-repo/lodash/-/lodash-4.17.21.tgz#679591c564c3bffaae8454cf0b3df370c3d6911c"
  integrity sha1-Z5WRxWTDv/quhFTPCz3zcMPWkRw=

loose-envify@^1.0.0, loose-envify@^1.1.0, loose-envify@^1.4.0:
  version "1.4.0"
  resolved "https://artifact.stage.shutterfly.com:443/artifactory/api/npm/npm-repo/loose-envify/-/loose-envify-1.4.0.tgz#71ee51fa7be4caec1a63839f7e682d8132d30caf"
  integrity sha1-ce5R+nvkyuwaY4OffmgtgTLTDK8=
  dependencies:
    js-tokens "^3.0.0 || ^4.0.0"

min-document@^2.19.0:
  version "2.19.0"
  resolved "https://artifact.stage.shutterfly.com:443/artifactory/api/npm/npm-repo/min-document/-/min-document-2.19.0.tgz#7bd282e3f5842ed295bb748cdd9f1ffa2c824685"
  integrity sha1-e9KC4/WELtKVu3SM3Z8f+iyCRoU=
  dependencies:
    dom-walk "^0.1.0"

ms@2.0.0:
  version "2.0.0"
  resolved "https://artifact.stage.shutterfly.com:443/artifactory/api/npm/npm-repo/ms/-/ms-2.0.0.tgz#5608aeadfc00be6c2901df5f9861788de0d597c8"
  integrity sha1-VgiurfwAvmwpAd9fmGF4jeDVl8g=

ms@2.1.2:
  version "2.1.2"
  resolved "https://artifact.stage.shutterfly.com:443/artifactory/api/npm/npm-repo/ms/-/ms-2.1.2.tgz#d09d1f357b443f493382a8eb3ccd183872ae6009"
  integrity sha1-0J0fNXtEP0kzgqjrPM0YOHKuYAk=

nanoid@^2.1.0:
  version "2.1.11"
  resolved "https://artifact.stage.shutterfly.com:443/artifactory/api/npm/npm-repo/nanoid/-/nanoid-2.1.11.tgz#ec24b8a758d591561531b4176a01e3ab4f0f0280"
  integrity sha1-7CS4p1jVkVYVMbQXagHjq08PAoA=

node-fetch@^1.0.1:
  version "1.7.3"
  resolved "https://artifact.stage.shutterfly.com:443/artifactory/api/npm/npm-repo/node-fetch/-/node-fetch-1.7.3.tgz#980f6f72d85211a5347c6b2bc18c5b84c3eb47ef"
  integrity sha1-mA9vcthSEaU0fGsrwYxbhMPrR+8=
  dependencies:
    encoding "^0.1.11"
    is-stream "^1.0.1"

object-assign@^4.1.0, object-assign@^4.1.1:
  version "4.1.1"
  resolved "https://artifact.stage.shutterfly.com:443/artifactory/api/npm/npm-repo/object-assign/-/object-assign-4.1.1.tgz#2109adc7965887cfc05cbbd442cac8bfbb360863"
  integrity sha1-IQmtx5ZYh8/AXLvUQsrIv7s2CGM=

parse-headers@^2.0.0:
  version "2.0.4"
  resolved "https://artifact.stage.shutterfly.com:443/artifactory/api/npm/npm-repo/parse-headers/-/parse-headers-2.0.4.tgz#9eaf2d02bed2d1eff494331ce3df36d7924760bf"
  integrity sha1-nq8tAr7S0e/0lDMc498215JHYL8=

popper.js@1.16.1-lts:
  version "1.16.1-lts"
  resolved "https://artifact.stage.shutterfly.com:443/artifactory/api/npm/npm-repo/popper.js/-/popper.js-1.16.1-lts.tgz#cf6847b807da3799d80ee3d6d2f90df8a3f50b05"
  integrity sha1-z2hHuAfaN5nYDuPW0vkN+KP1CwU=

process@^0.11.10:
  version "0.11.10"
  resolved "https://artifact.stage.shutterfly.com:443/artifactory/api/npm/npm-repo/process/-/process-0.11.10.tgz#7332300e840161bda3e69a1d1d91a7d4bc16f182"
  integrity sha1-czIwDoQBYb2j5podHZGn1LwW8YI=

promise@^7.1.1:
  version "7.3.1"
  resolved "https://artifact.stage.shutterfly.com:443/artifactory/api/npm/npm-repo/promise/-/promise-7.3.1.tgz#064b72602b18f90f29192b8b1bc418ffd1ebd3bf"
  integrity sha1-BktyYCsY+Q8pGSuLG8QY/9Hr078=
  dependencies:
    asap "~2.0.3"

prop-types@^15.6.1, prop-types@^15.6.2, prop-types@^15.7.2:
  version "15.7.2"
  resolved "https://artifact.stage.shutterfly.com:443/artifactory/api/npm/npm-repo/prop-types/-/prop-types-15.7.2.tgz#52c41e75b8c87e72b9d9360e0206b99dcbffa6c5"
  integrity sha1-UsQedbjIfnK52TYOAga5ncv/psU=
  dependencies:
    loose-envify "^1.4.0"
    object-assign "^4.1.1"
    react-is "^16.8.1"

ramda@^0.24.1:
  version "0.24.1"
  resolved "https://artifact.stage.shutterfly.com:443/artifactory/api/npm/npm-repo/ramda/-/ramda-0.24.1.tgz#c3b7755197f35b8dc3502228262c4c91ddb6b857"
  integrity sha1-w7d1UZfzW43DUCIoJixMkd22uFc=

react-dom@^16.7.0, react-dom@^16.8.0:
  version "16.14.0"
  resolved "https://artifact.stage.shutterfly.com:443/artifactory/api/npm/npm-repo/react-dom/-/react-dom-16.14.0.tgz#7ad838ec29a777fb3c75c3a190f661cf92ab8b89"
  integrity sha1-etg47Cmnd/s8dcOhkPZhz5Kri4k=
  dependencies:
    loose-envify "^1.1.0"
    object-assign "^4.1.1"
    prop-types "^15.6.2"
    scheduler "^0.19.1"

react-feather@^2.0.8:
  version "2.0.9"
  resolved "https://artifact.stage.shutterfly.com:443/artifactory/api/npm/npm-repo/react-feather/-/react-feather-2.0.9.tgz#6e42072130d2fa9a09d4476b0e61b0ed17814480"
  integrity sha1-bkIHITDS+poJ1EdrDmGw7ReBRIA=
  dependencies:
    prop-types "^15.7.2"

react-is@^16.6.0, react-is@^16.7.0, react-is@^16.8.1, react-is@^16.8.3:
  version "16.13.1"
  resolved "https://artifact.stage.shutterfly.com:443/artifactory/api/npm/npm-repo/react-is/-/react-is-16.13.1.tgz#789729a4dc36de2999dc156dd6c1d9c18cea56a4"
  integrity sha1-eJcppNw23imZ3BVt1sHZwYzqVqQ=

"react-is@^16.8.0 || ^17.0.0":
  version "17.0.2"
  resolved "https://artifact.stage.shutterfly.com:443/artifactory/api/npm/npm-repo/react-is/-/react-is-17.0.2.tgz#e691d4a8e9c789365655539ab372762b0efb54f0"
  integrity sha1-5pHUqOnHiTZWVVOas3J2Kw77VPA=

react-lifecycles-compat@^3.0.0:
  version "3.0.4"
  resolved "https://artifact.stage.shutterfly.com:443/artifactory/api/npm/npm-repo/react-lifecycles-compat/-/react-lifecycles-compat-3.0.4.tgz#4f1a273afdfc8f3488a8c516bfda78f872352362"
  integrity sha1-TxonOv38jzSIqMUWv9p4+HI1I2I=

react-redux@^5.0.3:
  version "5.1.2"
  resolved "https://artifact.stage.shutterfly.com:443/artifactory/api/npm/npm-repo/react-redux/-/react-redux-5.1.2.tgz#b19cf9e21d694422727bf798e934a916c4080f57"
  integrity sha1-sZz54h1pRCJye/eY6TSpFsQID1c=
  dependencies:
    "@babel/runtime" "^7.1.2"
    hoist-non-react-statics "^3.3.0"
    invariant "^2.2.4"
    loose-envify "^1.1.0"
    prop-types "^15.6.1"
    react-is "^16.6.0"
    react-lifecycles-compat "^3.0.0"

react-transition-group@^4.4.0:
  version "4.4.2"
  resolved "https://artifact.stage.shutterfly.com:443/artifactory/api/npm/npm-repo/react-transition-group/-/react-transition-group-4.4.2.tgz#8b59a56f09ced7b55cbd53c36768b922890d5470"
  integrity sha1-i1mlbwnO17VcvVPDZ2i5IokNVHA=
  dependencies:
    "@babel/runtime" "^7.5.5"
    dom-helpers "^5.0.1"
    loose-envify "^1.4.0"
    prop-types "^15.6.2"

react@^16.7.0, react@^16.8.0:
  version "16.14.0"
  resolved "https://artifact.stage.shutterfly.com:443/artifactory/api/npm/npm-repo/react/-/react-16.14.0.tgz#94d776ddd0aaa37da3eda8fc5b6b18a4c9a3114d"
  integrity sha1-lNd23dCqo32j7aj8W2sYpMmjEU0=
  dependencies:
    loose-envify "^1.1.0"
    object-assign "^4.1.1"
    prop-types "^15.6.2"

recompose@^0.26.0:
  version "0.26.0"
  resolved "https://artifact.stage.shutterfly.com:443/artifactory/api/npm/npm-repo/recompose/-/recompose-0.26.0.tgz#9babff039cb72ba5bd17366d55d7232fbdfb2d30"
  integrity sha1-m6v/A5y3K6W9FzZtVdcjL737LTA=
  dependencies:
    change-emitter "^0.1.2"
    fbjs "^0.8.1"
    hoist-non-react-statics "^2.3.1"
    symbol-observable "^1.0.4"

redux@^3.6.0:
  version "3.7.2"
  resolved "https://artifact.stage.shutterfly.com:443/artifactory/api/npm/npm-repo/redux/-/redux-3.7.2.tgz#06b73123215901d25d065be342eb026bc1c8537b"
  integrity sha1-BrcxIyFZAdJdBlvjQusCa8HIU3s=
  dependencies:
    lodash "^4.2.1"
    lodash-es "^4.2.1"
    loose-envify "^1.1.0"
    symbol-observable "^1.0.3"

regenerator-runtime@^0.13.4:
  version "0.13.9"
  resolved "https://artifact.stage.shutterfly.com:443/artifactory/api/npm/npm-repo/regenerator-runtime/-/regenerator-runtime-0.13.9.tgz#8925742a98ffd90814988d7566ad30ca3b263b52"
  integrity sha1-iSV0Kpj/2QgUmI11Zq0wyjsmO1I=

"safer-buffer@>= 2.1.2 < 3.0.0":
  version "2.1.2"
  resolved "https://artifact.stage.shutterfly.com:443/artifactory/api/npm/npm-repo/safer-buffer/-/safer-buffer-2.1.2.tgz#44fa161b0187b9549dd84bb91802f9bd8385cd6a"
  integrity sha1-RPoWGwGHuVSd2Eu5GAL5vYOFzWo=

scheduler@^0.19.1:
  version "0.19.1"
  resolved "https://artifact.stage.shutterfly.com:443/artifactory/api/npm/npm-repo/scheduler/-/scheduler-0.19.1.tgz#4f3e2ed2c1a7d65681f4c854fa8c5a1ccb40f196"
  integrity sha1-Tz4u0sGn1laB9MhU+oxaHMtA8ZY=
  dependencies:
    loose-envify "^1.1.0"
    object-assign "^4.1.1"

setimmediate@^1.0.5:
  version "1.0.5"
  resolved "https://artifact.stage.shutterfly.com:443/artifactory/api/npm/npm-repo/setimmediate/-/setimmediate-1.0.5.tgz#290cbb232e306942d7d7ea9b83732ab7856f8285"
  integrity sha1-KQy7Iy4waULX1+qbg3Mqt4VvgoU=

shortid@^2.2.15:
  version "2.2.16"
  resolved "https://artifact.stage.shutterfly.com:443/artifactory/api/npm/npm-repo/shortid/-/shortid-2.2.16.tgz#b742b8f0cb96406fd391c76bfc18a67a57fe5608"
  integrity sha1-t0K48MuWQG/Tkcdr/Bimelf+Vgg=
  dependencies:
    nanoid "^2.1.0"

symbol-observable@^1.0.3, symbol-observable@^1.0.4:
  version "1.2.0"
  resolved "https://artifact.stage.shutterfly.com:443/artifactory/api/npm/npm-repo/symbol-observable/-/symbol-observable-1.2.0.tgz#c22688aed4eab3cdc2dfeacbb561660560a00804"
  integrity sha1-wiaIrtTqs83C3+rLtWFmBWCgCAQ=

tiny-warning@^1.0.2:
  version "1.0.3"
  resolved "https://artifact.stage.shutterfly.com:443/artifactory/api/npm/npm-repo/tiny-warning/-/tiny-warning-1.0.3.tgz#94a30db453df4c643d0fd566060d60a875d84754"
  integrity sha1-lKMNtFPfTGQ9D9VmBg1gqHXYR1Q=

ua-parser-js@^0.7.30:
  version "0.7.31"
  resolved "https://artifact.stage.shutterfly.com:443/artifactory/api/npm/npm-repo/ua-parser-js/-/ua-parser-js-0.7.31.tgz#649a656b191dffab4f21d5e053e27ca17cbff5c6"
  integrity sha1-ZJplaxkd/6tPIdXgU+J8oXy/9cY=

warning@^3.0.0:
  version "3.0.0"
  resolved "https://artifact.stage.shutterfly.com:443/artifactory/api/npm/npm-repo/warning/-/warning-3.0.0.tgz#32e5377cb572de4ab04753bdf8821c01ed605b7c"
  integrity sha1-MuU3fLVy3kqwR1O9+IIcAe1gW3w=
  dependencies:
    loose-envify "^1.0.0"

warning@^4.0.3:
  version "4.0.3"
  resolved "https://artifact.stage.shutterfly.com:443/artifactory/api/npm/npm-repo/warning/-/warning-4.0.3.tgz#16e9e077eb8a86d6af7d64aa1e05fd85b4678ca3"
  integrity sha1-Fungd+uKhtavfWSqHgX9hbRnjKM=
  dependencies:
    loose-envify "^1.0.0"

whatwg-fetch@>=0.10.0:
  version "3.6.2"
  resolved "https://artifact.stage.shutterfly.com:443/artifactory/api/npm/npm-repo/whatwg-fetch/-/whatwg-fetch-3.6.2.tgz#dced24f37f2624ed0281725d51d0e2e3fe677f8c"
  integrity sha1-3O0k838mJO0CgXJdUdDi4/5nf4w=

xhr@^2.4.1:
  version "2.6.0"
  resolved "https://artifact.stage.shutterfly.com:443/artifactory/api/npm/npm-repo/xhr/-/xhr-2.6.0.tgz#b69d4395e792b4173d6b7df077f0fc5e4e2b249d"
  integrity sha1-tp1DleeStBc9a33wd/D8Xk4rJJ0=
  dependencies:
    global "~4.4.0"
    is-function "^1.0.1"
    parse-headers "^2.0.0"
    xtend "^4.0.0"

xtend@^4.0.0:
  version "4.0.2"
  resolved "https://artifact.stage.shutterfly.com:443/artifactory/api/npm/npm-repo/xtend/-/xtend-4.0.2.tgz#bb72779f5fa465186b1f438f674fa347fdb5db54"
  integrity sha1-u3J3n1+kZRhrH0OPZ0+jR/2121Q=
